
Microsoft Visual Studio Solution File, Format Version 12.00
# Visual Studio Version 17
VisualStudioVersion = 17.13.35931.197 d17.13
MinimumVisualStudioVersion = 10.0.40219.1
Project("{FAE04EC0-301F-11D3-BF4B-00C04F79EFBC}") = "InterestCalculationAPI", "InterestCalculationAPI.csproj", "{BEE23796-6ADF-4920-97BA-1055623FA03E}"
EndProject
Global
	GlobalSection(SolutionConfigurationPlatforms) = preSolution
		Debug|Any CPU = Debug|Any CPU
		Release|Any CPU = Release|Any CPU
	EndGlobalSection
	GlobalSection(ProjectConfigurationPlatforms) = postSolution
		{BEE23796-6ADF-4920-97BA-1055623FA03E}.Debug|Any CPU.ActiveCfg = Debug|Any CPU
		{BEE23796-6ADF-4920-97BA-1055623FA03E}.Debug|Any CPU.Build.0 = Debug|Any CPU
		{BEE23796-6ADF-4920-97BA-1055623FA03E}.Release|Any CPU.ActiveCfg = Release|Any CPU
		{BEE23796-6ADF-4920-97BA-1055623FA03E}.Release|Any CPU.Build.0 = Release|Any CPU
	EndGlobalSection
	GlobalSection(SolutionProperties) = preSolution
		HideSolutionNode = FALSE
	EndGlobalSection
	GlobalSection(ExtensibilityGlobals) = postSolution
		SolutionGuid = {56999F4F-20C7-4D22-97D1-9169D4CCDEAE}
	EndGlobalSection
EndGlobal
